
Microsoft Visual Studio Solution File, Format Version 12.00
# Visual Studio Version 17
VisualStudioVersion = 17.0.31919.166
MinimumVisualStudioVersion = 10.0.40219.1
Project("{FAE04EC0-301F-11D3-BF4B-00C04F79EFBC}") = "RedisBlazor", "RedisBlazor\RedisBlazor.csproj", "{5E93470D-7401-41CD-84CC-4A4E5C95111E}"
EndProject
Global
	GlobalSection(SolutionConfigurationPlatforms) = preSolution
		Debug|Any CPU = Debug|Any CPU
		Release|Any CPU = Release|Any CPU
	EndGlobalSection
	GlobalSection(ProjectConfigurationPlatforms) = postSolution
		{5E93470D-7401-41CD-84CC-4A4E5C95111E}.Debug|Any CPU.ActiveCfg = Debug|Any CPU
		{5E93470D-7401-41CD-84CC-4A4E5C95111E}.Debug|Any CPU.Build.0 = Debug|Any CPU
		{5E93470D-7401-41CD-84CC-4A4E5C95111E}.Release|Any CPU.ActiveCfg = Release|Any CPU
		{5E93470D-7401-41CD-84CC-4A4E5C95111E}.Release|Any CPU.Build.0 = Release|Any CPU
	EndGlobalSection
	GlobalSection(SolutionProperties) = preSolution
		HideSolutionNode = FALSE
	EndGlobalSection
	GlobalSection(ExtensibilityGlobals) = postSolution
		SolutionGuid = {D4F75725-16A4-4C50-B663-055797CC5CD4}
	EndGlobalSection
EndGlobal
